
Microsoft Visual Studio Solution File, Format Version 12.00
# Visual Studio 14
VisualStudioVersion = 14.0.25420.1
MinimumVisualStudioVersion = 10.0.40219.1
Project("{FAE04EC0-301F-11D3-BF4B-00C04F79EFBC}") = "hiptfsbot", "src\hiptfsbot\hiptfsbot.csproj", "{97722B6A-9E5E-4E98-AC76-47631E01F05A}"
EndProject
Project("{FAE04EC0-301F-11D3-BF4B-00C04F79EFBC}") = "HipChat.TfsBot.Domain", "HipChat.TfsBot.Domain\HipChat.TfsBot.Domain.csproj", "{E9B818C7-2BA0-43F8-80DC-F9BC24616C78}"
EndProject
Global
	GlobalSection(SolutionConfigurationPlatforms) = preSolution
		Debug|Any CPU = Debug|Any CPU
		Release|Any CPU = Release|Any CPU
	EndGlobalSection
	GlobalSection(ProjectConfigurationPlatforms) = postSolution
		{97722B6A-9E5E-4E98-AC76-47631E01F05A}.Debug|Any CPU.ActiveCfg = Debug|Any CPU
		{97722B6A-9E5E-4E98-AC76-47631E01F05A}.Debug|Any CPU.Build.0 = Debug|Any CPU
		{97722B6A-9E5E-4E98-AC76-47631E01F05A}.Release|Any CPU.ActiveCfg = Release|Any CPU
		{97722B6A-9E5E-4E98-AC76-47631E01F05A}.Release|Any CPU.Build.0 = Release|Any CPU
		{E9B818C7-2BA0-43F8-80DC-F9BC24616C78}.Debug|Any CPU.ActiveCfg = Debug|Any CPU
		{E9B818C7-2BA0-43F8-80DC-F9BC24616C78}.Debug|Any CPU.Build.0 = Debug|Any CPU
		{E9B818C7-2BA0-43F8-80DC-F9BC24616C78}.Release|Any CPU.ActiveCfg = Release|Any CPU
		{E9B818C7-2BA0-43F8-80DC-F9BC24616C78}.Release|Any CPU.Build.0 = Release|Any CPU
	EndGlobalSection
	GlobalSection(SolutionProperties) = preSolution
		HideSolutionNode = FALSE
	EndGlobalSection
EndGlobal
